// !$*UTF8*$!
{
	archiveVersion = 1;
	classes = {
	};
	objectVersion = 50;
	objects = {

/* Begin PBXBuildFile section */
		10004A62229F978400BC9FB9 /* AppDelegate.swift in Sources */ = {isa = PBXBuildFile; fileRef = 10004A61229F978400BC9FB9 /* AppDelegate.swift */; };
		10004A64229F978400BC9FB9 /* ViewController.swift in Sources */ = {isa = PBXBuildFile; fileRef = 10004A63229F978400BC9FB9 /* ViewController.swift */; };
		10004A67229F978400BC9FB9 /* Main.storyboard in Resources */ = {isa = PBXBuildFile; fileRef = 10004A65229F978400BC9FB9 /* Main.storyboard */; };
		10004A69229F978500BC9FB9 /* Assets.xcassets in Resources */ = {isa = PBXBuildFile; fileRef = 10004A68229F978500BC9FB9 /* Assets.xcassets */; };
		10004A6C229F978500BC9FB9 /* LaunchScreen.storyboard in Resources */ = {isa = PBXBuildFile; fileRef = 10004A6A229F978500BC9FB9 /* LaunchScreen.storyboard */; };
		10004A77229F978500BC9FB9 /* simpleJSONApiCallTests.swift in Sources */ = {isa = PBXBuildFile; fileRef = 10004A76229F978500BC9FB9 /* simpleJSONApiCallTests.swift */; };
		10004A82229F978500BC9FB9 /* simpleJSONApiCallUITests.swift in Sources */ = {isa = PBXBuildFile; fileRef = 10004A81229F978500BC9FB9 /* simpleJSONApiCallUITests.swift */; };
/* End PBXBuildFile section */

/* Begin PBXContainerItemProxy section */
		10004A73229F978500BC9FB9 /* PBXContainerItemProxy */ = {
			isa = PBXContainerItemProxy;
			containerPortal = 10004A56229F978400BC9FB9 /* Project object */;
			proxyType = 1;
			remoteGlobalIDString = 10004A5D229F978400BC9FB9;
			remoteInfo = simpleJSONApiCall;
		};
		10004A7E229F978500BC9FB9 /* PBXContainerItemProxy */ = {
			isa = PBXContainerItemProxy;
			containerPortal = 10004A56229F978400BC9FB9 /* Project object */;
			proxyType = 1;
			remoteGlobalIDString = 10004A5D229F978400BC9FB9;
			remoteInfo = simpleJSONApiCall;
		};
/* End PBXContainerItemProxy section */

/* Begin PBXFileReference section */
		10004A5E229F978400BC9FB9 /* simpleJSONApiCall.app */ = {isa = PBXFileReference; explicitFileType = wrapper.application; includeInIndex = 0; path = simpleJSONApiCall.app; sourceTree = BUILT_PRODUCTS_DIR; };
		10004A61229F978400BC9FB9 /* AppDelegate.swift */ = {isa = PBXFileReference; lastKnownFileType = sourcecode.swift; path = AppDelegate.swift; sourceTree = "<group>"; };
		10004A63229F978400BC9FB9 /* ViewController.swift */ = {isa = PBXFileReference; lastKnownFileType = sourcecode.swift; path = ViewController.swift; sourceTree = "<group>"; };
		10004A66229F978400BC9FB9 /* Base */ = {isa = PBXFileReference; lastKnownFileType = file.storyboard; name = Base; path = Base.lproj/Main.storyboard; sourceTree = "<group>"; };
		10004A68229F978500BC9FB9 /* Assets.xcassets */ = {isa = PBXFileReference; lastKnownFileType = folder.assetcatalog; path = Assets.xcassets; sourceTree = "<group>"; };
		10004A6B229F978500BC9FB9 /* Base */ = {isa = PBXFileReference; lastKnownFileType = file.storyboard; name = Base; path = Base.lproj/LaunchScreen.storyboard; sourceTree = "<group>"; };
		10004A6D229F978500BC9FB9 /* Info.plist */ = {isa = PBXFileReference; lastKnownFileType = text.plist.xml; path = Info.plist; sourceTree = "<group>"; };
		10004A72229F978500BC9FB9 /* simpleJSONApiCallTests.xctest */ = {isa = PBXFileReference; explicitFileType = wrapper.cfbundle; includeInIndex = 0; path = simpleJSONApiCallTests.xctest; sourceTree = BUILT_PRODUCTS_DIR; };
		10004A76229F978500BC9FB9 /* simpleJSONApiCallTests.swift */ = {isa = PBXFileReference; lastKnownFileType = sourcecode.swift; path = simpleJSONApiCallTests.swift; sourceTree = "<group>"; };
		10004A78229F978500BC9FB9 /* Info.plist */ = {isa = PBXFileReference; lastKnownFileType = text.plist.xml; path = Info.plist; sourceTree = "<group>"; };
		10004A7D229F978500BC9FB9 /* simpleJSONApiCallUITests.xctest */ = {isa = PBXFileReference; explicitFileType = wrapper.cfbundle; includeInIndex = 0; path = simpleJSONApiCallUITests.xctest; sourceTree = BUILT_PRODUCTS_DIR; };
		10004A81229F978500BC9FB9 /* simpleJSONApiCallUITests.swift */ = {isa = PBXFileReference; lastKnownFileType = sourcecode.swift; path = simpleJSONApiCallUITests.swift; sourceTree = "<group>"; };
		10004A83229F978500BC9FB9 /* Info.plist */ = {isa = PBXFileReference; lastKnownFileType = text.plist.xml; path = Info.plist; sourceTree = "<group>"; };
/* End PBXFileReference section */

/* Begin PBXFrameworksBuildPhase section */
		10004A5B229F978400BC9FB9 /* Frameworks */ = {
			isa = PBXFrameworksBuildPhase;
			buildActionMask = 2147483647;
			files = (
			);
			runOnlyForDeploymentPostprocessing = 0;
		};
		10004A6F229F978500BC9FB9 /* Frameworks */ = {
			isa = PBXFrameworksBuildPhase;
			buildActionMask = 2147483647;
			files = (
			);
			runOnlyForDeploymentPostprocessing = 0;
		};
		10004A7A229F978500BC9FB9 /* Frameworks */ = {
			isa = PBXFrameworksBuildPhase;
			buildActionMask = 2147483647;
			files = (
			);
			runOnlyForDeploymentPostprocessing = 0;
		};
/* End PBXFrameworksBuildPhase section */

/* Begin PBXGroup section */
		10004A55229F978400BC9FB9 = {
			isa = PBXGroup;
			children = (
				10004A60229F978400BC9FB9 /* simpleJSONApiCall */,
				10004A75229F978500BC9FB9 /* simpleJSONApiCallTests */,
				10004A80229F978500BC9FB9 /* simpleJSONApiCallUITests */,
				10004A5F229F978400BC9FB9 /* Products */,
			);
			sourceTree = "<group>";
		};
		10004A5F229F978400BC9FB9 /* Products */ = {
			isa = PBXGroup;
			children = (
				10004A5E229F978400BC9FB9 /* simpleJSONApiCall.app */,
				10004A72229F978500BC9FB9 /* simpleJSONApiCallTests.xctest */,
				10004A7D229F978500BC9FB9 /* simpleJSONApiCallUITests.xctest */,
			);
			name = Products;
			sourceTree = "<group>";
		};
		10004A60229F978400BC9FB9 /* simpleJSONApiCall */ = {
			isa = PBXGroup;
			children = (
				10004A61229F978400BC9FB9 /* AppDelegate.swift */,
				10004A63229F978400BC9FB9 /* ViewController.swift */,
				10004A65229F978400BC9FB9 /* Main.storyboard */,
				10004A68229F978500BC9FB9 /* Assets.xcassets */,
				10004A6A229F978500BC9FB9 /* LaunchScreen.storyboard */,
				10004A6D229F978500BC9FB9 /* Info.plist */,
			);
			path = simpleJSONApiCall;
			sourceTree = "<group>";
		};
		10004A75229F978500BC9FB9 /* simpleJSONApiCallTests */ = {
			isa = PBXGroup;
			children = (
				10004A76229F978500BC9FB9 /* simpleJSONApiCallTests.swift */,
				10004A78229F978500BC9FB9 /* Info.plist */,
			);
			path = simpleJSONApiCallTests;
			sourceTree = "<group>";
		};
		10004A80229F978500BC9FB9 /* simpleJSONApiCallUITests */ = {
			isa = PBXGroup;
			children = (
				10004A81229F978500BC9FB9 /* simpleJSONApiCallUITests.swift */,
				10004A83229F978500BC9FB9 /* Info.plist */,
			);
			path = simpleJSONApiCallUITests;
			sourceTree = "<group>";
		};
/* End PBXGroup section */

/* Begin PBXNativeTarget section */
		10004A5D229F978400BC9FB9 /* simpleJSONApiCall */ = {
			isa = PBXNativeTarget;
			buildConfigurationList = 10004A86229F978500BC9FB9 /* Build configuration list for PBXNativeTarget "simpleJSONApiCall" */;
			buildPhases = (
				10004A5A229F978400BC9FB9 /* Sources */,
				10004A5B229F978400BC9FB9 /* Frameworks */,
				10004A5C229F978400BC9FB9 /* Resources */,
			);
			buildRules = (
			);
			dependencies = (
			);
			name = simpleJSONApiCall;
			productName = simpleJSONApiCall;
			productReference = 10004A5E229F978400BC9FB9 /* simpleJSONApiCall.app */;
			productType = "com.apple.product-type.application";
		};
		10004A71229F978500BC9FB9 /* simpleJSONApiCallTests */ = {
			isa = PBXNativeTarget;
			buildConfigurationList = 10004A89229F978500BC9FB9 /* Build configuration list for PBXNativeTarget "simpleJSONApiCallTests" */;
			buildPhases = (
				10004A6E229F978500BC9FB9 /* Sources */,
				10004A6F229F978500BC9FB9 /* Frameworks */,
				10004A70229F978500BC9FB9 /* Resources */,
			);
			buildRules = (
			);
			dependencies = (
				10004A74229F978500BC9FB9 /* PBXTargetDependency */,
			);
			name = simpleJSONApiCallTests;
			productName = simpleJSONApiCallTests;
			productReference = 10004A72229F978500BC9FB9 /* simpleJSONApiCallTests.xctest */;
			productType = "com.apple.product-type.bundle.unit-test";
		};
		10004A7C229F978500BC9FB9 /* simpleJSONApiCallUITests */ = {
			isa = PBXNativeTarget;
			buildConfigurationList = 10004A8C229F978500BC9FB9 /* Build configuration list for PBXNativeTarget "simpleJSONApiCallUITests" */;
			buildPhases = (
				10004A79229F978500BC9FB9 /* Sources */,
				10004A7A229F978500BC9FB9 /* Frameworks */,
				10004A7B229F978500BC9FB9 /* Resources */,
			);
			buildRules = (
			);
			dependencies = (
				10004A7F229F978500BC9FB9 /* PBXTargetDependency */,
			);
			name = simpleJSONApiCallUITests;
			productName = simpleJSONApiCallUITests;
			productReference = 10004A7D229F978500BC9FB9 /* simpleJSONApiCallUITests.xctest */;
			productType = "com.apple.product-type.bundle.ui-testing";
		};
/* End PBXNativeTarget section */

/* Begin PBXProject section */
		10004A56229F978400BC9FB9 /* Project object */ = {
			isa = PBXProject;
			attributes = {
				LastSwiftUpdateCheck = 1020;
				LastUpgradeCheck = 1020;
				ORGANIZATIONNAME = "Sunil Kumar";
				TargetAttributes = {
					10004A5D229F978400BC9FB9 = {
						CreatedOnToolsVersion = 10.2.1;
					};
					10004A71229F978500BC9FB9 = {
						CreatedOnToolsVersion = 10.2.1;
						TestTargetID = 10004A5D229F978400BC9FB9;
					};
					10004A7C229F978500BC9FB9 = {
						CreatedOnToolsVersion = 10.2.1;
						TestTargetID = 10004A5D229F978400BC9FB9;
					};
				};
			};
			buildConfigurationList = 10004A59229F978400BC9FB9 /* Build configuration list for PBXProject "simpleJSONApiCall" */;
			compatibilityVersion = "Xcode 9.3";
			developmentRegion = en;
			hasScannedForEncodings = 0;
			knownRegions = (
				en,
				Base,
			);
			mainGroup = 10004A55229F978400BC9FB9;
			productRefGroup = 10004A5F229F978400BC9FB9 /* Products */;
			projectDirPath = "";
			projectRoot = "";
			targets = (
				10004A5D229F978400BC9FB9 /* simpleJSONApiCall */,
				10004A71229F978500BC9FB9 /* simpleJSONApiCallTests */,
				10004A7C229F978500BC9FB9 /* simpleJSONApiCallUITests */,
			);
		};
/* End PBXProject section */

/* Begin PBXResourcesBuildPhase section */
		10004A5C229F978400BC9FB9 /* Resources */ = {
			isa = PBXResourcesBuildPhase;
			buildActionMask = 2147483647;
			files = (
				10004A6C229F978500BC9FB9 /* LaunchScreen.storyboard in Resources */,
				10004A69229F978500BC9FB9 /* Assets.xcassets in Resources */,
				10004A67229F978400BC9FB9 /* Main.storyboard in Resources */,
			);
			runOnlyForDeploymentPostprocessing = 0;
		};
		10004A70229F978500BC9FB9 /* Resources */ = {
			isa = PBXResourcesBuildPhase;
			buildActionMask = 2147483647;
			files = (
			);
			runOnlyForDeploymentPostprocessing = 0;
		};
		10004A7B229F978500BC9FB9 /* Resources */ = {
			isa = PBXResourcesBuildPhase;
			buildActionMask = 2147483647;
			files = (
			);
			runOnlyForDeploymentPostprocessing = 0;
		};
/* End PBXResourcesBuildPhase section */

/* Begin PBXSourcesBuildPhase section */
		10004A5A229F978400BC9FB9 /* Sources */ = {
			isa = PBXSourcesBuildPhase;
			buildActionMask = 2147483647;
			files = (
				10004A64229F978400BC9FB9 /* ViewController.swift in Sources */,
				10004A62229F978400BC9FB9 /* AppDelegate.swift in Sources */,
			);
			runOnlyForDeploymentPostprocessing = 0;
		};
		10004A6E229F978500BC9FB9 /* Sources */ = {
			isa = PBXSourcesBuildPhase;
			buildActionMask = 2147483647;
			files = (
				10004A77229F978500BC9FB9 /* simpleJSONApiCallTests.swift in Sources */,
			);
			runOnlyForDeploymentPostprocessing = 0;
		};
		10004A79229F978500BC9FB9 /* Sources */ = {
			isa = PBXSourcesBuildPhase;
			buildActionMask = 2147483647;
			files = (
				10004A82229F978500BC9FB9 /* simpleJSONApiCallUITests.swift in Sources */,
			);
			runOnlyForDeploymentPostprocessing = 0;
		};
/* End PBXSourcesBuildPhase section */

/* Begin PBXTargetDependency section */
		10004A74229F978500BC9FB9 /* PBXTargetDependency */ = {
			isa = PBXTargetDependency;
			target = 10004A5D229F978400BC9FB9 /* simpleJSONApiCall */;
			targetProxy = 10004A73229F978500BC9FB9 /* PBXContainerItemProxy */;
		};
		10004A7F229F978500BC9FB9 /* PBXTargetDependency */ = {
			isa = PBXTargetDependency;
			target = 10004A5D229F978400BC9FB9 /* simpleJSONApiCall */;
			targetProxy = 10004A7E229F978500BC9FB9 /* PBXContainerItemProxy */;
		};
/* End PBXTargetDependency section */

/* Begin PBXVariantGroup section */
		10004A65229F978400BC9FB9 /* Main.storyboard */ = {
			isa = PBXVariantGroup;
			children = (
				10004A66229F978400BC9FB9 /* Base */,
			);
			name = Main.storyboard;
			sourceTree = "<group>";
		};
		10004A6A229F978500BC9FB9 /* LaunchScreen.storyboard */ = {
			isa = PBXVariantGroup;
			children = (
				10004A6B229F978500BC9FB9 /* Base */,
			);
			name = LaunchScreen.storyboard;
			sourceTree = "<group>";
		};
/* End PBXVariantGroup section */

/* Begin XCBuildConfiguration section */
		10004A84229F978500BC9FB9 /* Debug */ = {
			isa = XCBuildConfiguration;
			buildSettings = {
				ALWAYS_SEARCH_USER_PATHS = NO;
				CLANG_ANALYZER_NONNULL = YES;
				CLANG_ANALYZER_NUMBER_OBJECT_CONVERSION = YES_AGGRESSIVE;
				CLANG_CXX_LANGUAGE_STANDARD = "gnu++14";
				CLANG_CXX_LIBRARY = "libc++";
				CLANG_ENABLE_MODULES = YES;
				CLANG_ENABLE_OBJC_ARC = YES;
				CLANG_ENABLE_OBJC_WEAK = YES;
				CLANG_WARN_BLOCK_CAPTURE_AUTORELEASING = YES;
				CLANG_WARN_BOOL_CONVERSION = YES;
				CLANG_WARN_COMMA = YES;
				CLANG_WARN_CONSTANT_CONVERSION = YES;
				CLANG_WARN_DEPRECATED_OBJC_IMPLEMENTATIONS = YES;
				CLANG_WARN_DIRECT_OBJC_ISA_USAGE = YES_ERROR;
				CLANG_WARN_DOCUMENTATION_COMMENTS = YES;
				CLANG_WARN_EMPTY_BODY = YES;
				CLANG_WARN_ENUM_CONVERSION = YES;
				CLANG_WARN_INFINITE_RECURSION = YES;
				CLANG_WARN_INT_CONVERSION = YES;
				CLANG_WARN_NON_LITERAL_NULL_CONVERSION = YES;
				CLANG_WARN_OBJC_IMPLICIT_RETAIN_SELF = YES;
				CLANG_WARN_OBJC_LITERAL_CONVERSION = YES;
				CLANG_WARN_OBJC_ROOT_CLASS = YES_ERROR;
				CLANG_WARN_RANGE_LOOP_ANALYSIS = YES;
				CLANG_WARN_STRICT_PROTOTYPES = YES;
				CLANG_WARN_SUSPICIOUS_MOVE = YES;
				CLANG_WARN_UNGUARDED_AVAILABILITY = YES_AGGRESSIVE;
				CLANG_WARN_UNREACHABLE_CODE = YES;
				CLANG_WARN__DUPLICATE_METHOD_MATCH = YES;
				CODE_SIGN_IDENTITY = "iPhone Developer";
				COPY_PHASE_STRIP = NO;
				DEBUG_INFORMATION_FORMAT = dwarf;
				ENABLE_STRICT_OBJC_MSGSEND = YES;
				ENABLE_TESTABILITY = YES;
				GCC_C_LANGUAGE_STANDARD = gnu11;
				GCC_DYNAMIC_NO_PIC = NO;
				GCC_NO_COMMON_BLOCKS = YES;
				GCC_OPTIMIZATION_LEVEL = 0;
				GCC_PREPROCESSOR_DEFINITIONS = (
					"DEBUG=1",
					"$(inherited)",
				);
				GCC_WARN_64_TO_32_BIT_CONVERSION = YES;
				GCC_WARN_ABOUT_RETURN_TYPE = YES_ERROR;
				GCC_WARN_UNDECLARED_SELECTOR = YES;
				GCC_WARN_UNINITIALIZED_AUTOS = YES_AGGRESSIVE;
				GCC_WARN_UNUSED_FUNCTION = YES;
				GCC_WARN_UNUSED_VARIABLE = YES;
				IPHONEOS_DEPLOYMENT_TARGET = 12.2;
				MTL_ENABLE_DEBUG_INFO = INCLUDE_SOURCE;
				MTL_FAST_MATH = YES;
				ONLY_ACTIVE_ARCH = YES;
				SDKROOT = iphoneos;
				SWIFT_ACTIVE_COMPILATION_CONDITIONS = DEBUG;
				SWIFT_OPTIMIZATION_LEVEL = "-Onone";
			};
			name = Debug;
		};
		10004A85229F978500BC9FB9 /* Release */ = {
			isa = XCBuildConfiguration;
			buildSettings = {
				ALWAYS_SEARCH_USER_PATHS = NO;
				CLANG_ANALYZER_NONNULL = YES;
				CLANG_ANALYZER_NUMBER_OBJECT_CONVERSION = YES_AGGRESSIVE;
				CLANG_CXX_LANGUAGE_STANDARD = "gnu++14";
				CLANG_CXX_LIBRARY = "libc++";
				CLANG_ENABLE_MODULES = YES;
				CLANG_ENABLE_OBJC_ARC = YES;
				CLANG_ENABLE_OBJC_WEAK = YES;
				CLANG_WARN_BLOCK_CAPTURE_AUTORELEASING = YES;
				CLANG_WARN_BOOL_CONVERSION = YES;
				CLANG_WARN_COMMA = YES;
				CLANG_WARN_CONSTANT_CONVERSION = YES;
				CLANG_WARN_DEPRECATED_OBJC_IMPLEMENTATIONS = YES;
				CLANG_WARN_DIRECT_OBJC_ISA_USAGE = YES_ERROR;
				CLANG_WARN_DOCUMENTATION_COMMENTS = YES;
				CLANG_WARN_EMPTY_BODY = YES;
				CLANG_WARN_ENUM_CONVERSION = YES;
				CLANG_WARN_INFINITE_RECURSION = YES;
				CLANG_WARN_INT_CONVERSION = YES;
				CLANG_WARN_NON_LITERAL_NULL_CONVERSION = YES;
				CLANG_WARN_OBJC_IMPLICIT_RETAIN_SELF = YES;
				CLANG_WARN_OBJC_LITERAL_CONVERSION = YES;
				CLANG_WARN_OBJC_ROOT_CLASS = YES_ERROR;
				CLANG_WARN_RANGE_LOOP_ANALYSIS = YES;
				CLANG_WARN_STRICT_PROTOTYPES = YES;
				CLANG_WARN_SUSPICIOUS_MOVE = YES;
				CLANG_WARN_UNGUARDED_AVAILABILITY = YES_AGGRESSIVE;
				CLANG_WARN_UNREACHABLE_CODE = YES;
				CLANG_WARN__DUPLICATE_METHOD_MATCH = YES;
				CODE_SIGN_IDENTITY = "iPhone Developer";
				COPY_PHASE_STRIP = NO;
				DEBUG_INFORMATION_FORMAT = "dwarf-with-dsym";
				ENABLE_NS_ASSERTIONS = NO;
				ENABLE_STRICT_OBJC_MSGSEND = YES;
				GCC_C_LANGUAGE_STANDARD = gnu11;
				GCC_NO_COMMON_BLOCKS = YES;
				GCC_WARN_64_TO_32_BIT_CONVERSION = YES;
				GCC_WARN_ABOUT_RETURN_TYPE = YES_ERROR;
				GCC_WARN_UNDECLARED_SELECTOR = YES;
				GCC_WARN_UNINITIALIZED_AUTOS = YES_AGGRESSIVE;
				GCC_WARN_UNUSED_FUNCTION = YES;
				GCC_WARN_UNUSED_VARIABLE = YES;
				IPHONEOS_DEPLOYMENT_TARGET = 12.2;
				MTL_ENABLE_DEBUG_INFO = NO;
				MTL_FAST_MATH = YES;
				SDKROOT = iphoneos;
				SWIFT_COMPILATION_MODE = wholemodule;
				SWIFT_OPTIMIZATION_LEVEL = "-O";
				VALIDATE_PRODUCT = YES;
			};
			name = Release;
		};
		10004A87229F978500BC9FB9 /* Debug */ = {
			isa = XCBuildConfiguration;
			buildSettings = {
				ASSETCATALOG_COMPILER_APPICON_NAME = AppIcon;
				CODE_SIGN_STYLE = Automatic;
				INFOPLIST_FILE = simpleJSONApiCall/Info.plist;
				LD_RUNPATH_SEARCH_PATHS = (
					"$(inherited)",
					"@executable_path/Frameworks",
				);
				PRODUCT_BUNDLE_IDENTIFIER = com.swiftlearning.simpleJSONApiCall;
				PRODUCT_NAME = "$(TARGET_NAME)";
				SWIFT_VERSION = 5.0;
				TARGETED_DEVICE_FAMILY = "1,2";
			};
			name = Debug;
		};
		10004A88229F978500BC9FB9 /* Release */ = {
			isa = XCBuildConfiguration;
			buildSettings = {
				ASSETCATALOG_COMPILER_APPICON_NAME = AppIcon;
				CODE_SIGN_STYLE = Automatic;
				INFOPLIST_FILE = simpleJSONApiCall/Info.plist;
				LD_RUNPATH_SEARCH_PATHS = (
					"$(inherited)",
					"@executable_path/Frameworks",
				);
				PRODUCT_BUNDLE_IDENTIFIER = com.swiftlearning.simpleJSONApiCall;
				PRODUCT_NAME = "$(TARGET_NAME)";
				SWIFT_VERSION = 5.0;
				TARGETED_DEVICE_FAMILY = "1,2";
			};
			name = Release;
		};
		10004A8A229F978500BC9FB9 /* Debug */ = {
			isa = XCBuildConfiguration;
			buildSettings = {
				ALWAYS_EMBED_SWIFT_STANDARD_LIBRARIES = YES;
				BUNDLE_LOADER = "$(TEST_HOST)";
				CODE_SIGN_STYLE = Automatic;
				INFOPLIST_FILE = simpleJSONApiCallTests/Info.plist;
				LD_RUNPATH_SEARCH_PATHS = (
					"$(inherited)",
					"@executable_path/Frameworks",
					"@loader_path/Frameworks",
				);
				PRODUCT_BUNDLE_IDENTIFIER = com.swiftlearning.simpleJSONApiCallTests;
				PRODUCT_NAME = "$(TARGET_NAME)";
				SWIFT_VERSION = 5.0;
				TARGETED_DEVICE_FAMILY = "1,2";
				TEST_HOST = "$(BUILT_PRODUCTS_DIR)/simpleJSONApiCall.app/simpleJSONApiCall";
			};
			name = Debug;
		};
		10004A8B229F978500BC9FB9 /* Release */ = {
			isa = XCBuildConfiguration;
			buildSettings = {
				ALWAYS_EMBED_SWIFT_STANDARD_LIBRARIES = YES;
				BUNDLE_LOADER = "$(TEST_HOST)";
				CODE_SIGN_STYLE = Automatic;
				INFOPLIST_FILE = simpleJSONApiCallTests/Info.plist;
				LD_RUNPATH_SEARCH_PATHS = (
					"$(inherited)",
					"@executable_path/Frameworks",
					"@loader_path/Frameworks",
				);
				PRODUCT_BUNDLE_IDENTIFIER = com.swiftlearning.simpleJSONApiCallTests;
				PRODUCT_NAME = "$(TARGET_NAME)";
				SWIFT_VERSION = 5.0;
				TARGETED_DEVICE_FAMILY = "1,2";
				TEST_HOST = "$(BUILT_PRODUCTS_DIR)/simpleJSONApiCall.app/simpleJSONApiCall";
			};
			name = Release;
		};
		10004A8D229F978500BC9FB9 /* Debug */ = {
			isa = XCBuildConfiguration;
			buildSettings = {
				ALWAYS_EMBED_SWIFT_STANDARD_LIBRARIES = YES;
				CODE_SIGN_STYLE = Automatic;
				INFOPLIST_FILE = simpleJSONApiCallUITests/Info.plist;
				LD_RUNPATH_SEARCH_PATHS = (
					"$(inherited)",
					"@executable_path/Frameworks",
					"@loader_path/Frameworks",
				);
				PRODUCT_BUNDLE_IDENTIFIER = com.swiftlearning.simpleJSONApiCallUITests;
				PRODUCT_NAME = "$(TARGET_NAME)";
				SWIFT_VERSION = 5.0;
				TARGETED_DEVICE_FAMILY = "1,2";
				TEST_TARGET_NAME = simpleJSONApiCall;
			};
			name = Debug;
		};
		10004A8E229F978500BC9FB9 /* Release */ = {
			isa = XCBuildConfiguration;
			buildSettings = {
				ALWAYS_EMBED_SWIFT_STANDARD_LIBRARIES = YES;
				CODE_SIGN_STYLE = Automatic;
				INFOPLIST_FILE = simpleJSONApiCallUITests/Info.plist;
				LD_RUNPATH_SEARCH_PATHS = (
					"$(inherited)",
					"@executable_path/Frameworks",
					"@loader_path/Frameworks",
				);
				PRODUCT_BUNDLE_IDENTIFIER = com.swiftlearning.simpleJSONApiCallUITests;
				PRODUCT_NAME = "$(TARGET_NAME)";
				SWIFT_VERSION = 5.0;
				TARGETED_DEVICE_FAMILY = "1,2";
				TEST_TARGET_NAME = simpleJSONApiCall;
			};
			name = Release;
		};
/* End XCBuildConfiguration section */

/* Begin XCConfigurationList section */
		10004A59229F978400BC9FB9 /* Build configuration list for PBXProject "simpleJSONApiCall" */ = {
			isa = XCConfigurationList;
			buildConfigurations = (
				10004A84229F978500BC9FB9 /* Debug */,
				10004A85229F978500BC9FB9 /* Release */,
			);
			defaultConfigurationIsVisible = 0;
			defaultConfigurationName = Release;
		};
		10004A86229F978500BC9FB9 /* Build configuration list for PBXNativeTarget "simpleJSONApiCall" */ = {
			isa = XCConfigurationList;
			buildConfigurations = (
				10004A87229F978500BC9FB9 /* Debug */,
				10004A88229F978500BC9FB9 /* Release */,
			);
			defaultConfigurationIsVisible = 0;
			defaultConfigurationName = Release;
		};
		10004A89229F978500BC9FB9 /* Build configuration list for PBXNativeTarget "simpleJSONApiCallTests" */ = {
			isa = XCConfigurationList;
			buildConfigurations = (
				10004A8A229F978500BC9FB9 /* Debug */,
				10004A8B229F978500BC9FB9 /* Release */,
			);
			defaultConfigurationIsVisible = 0;
			defaultConfigurationName = Release;
		};
		10004A8C229F978500BC9FB9 /* Build configuration list for PBXNativeTarget "simpleJSONApiCallUITests" */ = {
			isa = XCConfigurationList;
			buildConfigurations = (
				10004A8D229F978500BC9FB9 /* Debug */,
				10004A8E229F978500BC9FB9 /* Release */,
			);
			defaultConfigurationIsVisible = 0;
			defaultConfigurationName = Release;
		};
/* End XCConfigurationList section */
	};
	rootObject = 10004A56229F978400BC9FB9 /* Project object */;
}
